
Microsoft Visual Studio Solution File, Format Version 12.00
# Visual Studio Version 17
VisualStudioVersion = 17.6.33815.320
MinimumVisualStudioVersion = 10.0.40219.1
Project("{9A19103F-16F7-4668-BE54-9A1E7A4F7556}") = "NagyProjectBackend7.0", "NagyProjectBackend7.0\NagyProjectBackend7.0.csproj", "{D6FE4563-3E94-4ACB-8AD9-0F0AFD38E24C}"
EndProject
Project("{9A19103F-16F7-4668-BE54-9A1E7A4F7556}") = "authApi", "..\authApi\authApi\authApi.csproj", "{3DE272BA-4A3B-48BE-B164-C6364EFB6536}"
EndProject
Global
	GlobalSection(SolutionConfigurationPlatforms) = preSolution
		Debug|Any CPU = Debug|Any CPU
		Release|Any CPU = Release|Any CPU
	EndGlobalSection
	GlobalSection(ProjectConfigurationPlatforms) = postSolution
		{D6FE4563-3E94-4ACB-8AD9-0F0AFD38E24C}.Debug|Any CPU.ActiveCfg = Debug|Any CPU
		{D6FE4563-3E94-4ACB-8AD9-0F0AFD38E24C}.Debug|Any CPU.Build.0 = Debug|Any CPU
		{D6FE4563-3E94-4ACB-8AD9-0F0AFD38E24C}.Release|Any CPU.ActiveCfg = Release|Any CPU
		{D6FE4563-3E94-4ACB-8AD9-0F0AFD38E24C}.Release|Any CPU.Build.0 = Release|Any CPU
		{3DE272BA-4A3B-48BE-B164-C6364EFB6536}.Debug|Any CPU.ActiveCfg = Debug|Any CPU
		{3DE272BA-4A3B-48BE-B164-C6364EFB6536}.Debug|Any CPU.Build.0 = Debug|Any CPU
		{3DE272BA-4A3B-48BE-B164-C6364EFB6536}.Release|Any CPU.ActiveCfg = Release|Any CPU
		{3DE272BA-4A3B-48BE-B164-C6364EFB6536}.Release|Any CPU.Build.0 = Release|Any CPU
	EndGlobalSection
	GlobalSection(SolutionProperties) = preSolution
		HideSolutionNode = FALSE
	EndGlobalSection
	GlobalSection(ExtensibilityGlobals) = postSolution
		SolutionGuid = {2C4EC3A4-357E-4C79-8F28-8C3EEAA3C5E2}
	EndGlobalSection
EndGlobal
